
Microsoft Visual Studio Solution File, Format Version 12.00
# Visual Studio Version 16
VisualStudioVersion = 16.0.32929.386
MinimumVisualStudioVersion = 10.0.40219.1
Project("{FAE04EC0-301F-11D3-BF4B-00C04F79EFBC}") = "TicketingTool", "TicketingTool\TicketingTool.csproj", "{AED05116-E823-404F-B6D9-6ECFEF76BF0C}"
EndProject
Project("{FAE04EC0-301F-11D3-BF4B-00C04F79EFBC}") = "TicketingTool.Utilities", "TicketingTool.Utilities\TicketingTool.Utilities.csproj", "{B0F89D5B-2590-4AD8-A9C5-82FCE63FFEB8}"
EndProject
Project("{FAE04EC0-301F-11D3-BF4B-00C04F79EFBC}") = "TicketingTool.Services", "TicketingTool.Services\TicketingTool.Services.csproj", "{A4C051EB-ED3A-4CD3-8C5D-DB365818A189}"
EndProject
Project("{FAE04EC0-301F-11D3-BF4B-00C04F79EFBC}") = "TicketingTool.Models", "TicketingTool.Models\TicketingTool.Models.csproj", "{98DB6A09-F7C2-4C06-AFE9-E813A8AA1D9D}"
EndProject
Project("{FAE04EC0-301F-11D3-BF4B-00C04F79EFBC}") = "TicketingTool.Data", "TicketingTool.Data\TicketingTool.Data.csproj", "{DA9139E6-80C8-438E-B5F7-F83194C10899}"
EndProject
Global
	GlobalSection(SolutionConfigurationPlatforms) = preSolution
		Debug|Any CPU = Debug|Any CPU
		Release|Any CPU = Release|Any CPU
	EndGlobalSection
	GlobalSection(ProjectConfigurationPlatforms) = postSolution
		{AED05116-E823-404F-B6D9-6ECFEF76BF0C}.Debug|Any CPU.ActiveCfg = Debug|Any CPU
		{AED05116-E823-404F-B6D9-6ECFEF76BF0C}.Debug|Any CPU.Build.0 = Debug|Any CPU
		{AED05116-E823-404F-B6D9-6ECFEF76BF0C}.Release|Any CPU.ActiveCfg = Release|Any CPU
		{AED05116-E823-404F-B6D9-6ECFEF76BF0C}.Release|Any CPU.Build.0 = Release|Any CPU
		{B0F89D5B-2590-4AD8-A9C5-82FCE63FFEB8}.Debug|Any CPU.ActiveCfg = Debug|Any CPU
		{B0F89D5B-2590-4AD8-A9C5-82FCE63FFEB8}.Debug|Any CPU.Build.0 = Debug|Any CPU
		{B0F89D5B-2590-4AD8-A9C5-82FCE63FFEB8}.Release|Any CPU.ActiveCfg = Release|Any CPU
		{B0F89D5B-2590-4AD8-A9C5-82FCE63FFEB8}.Release|Any CPU.Build.0 = Release|Any CPU
		{A4C051EB-ED3A-4CD3-8C5D-DB365818A189}.Debug|Any CPU.ActiveCfg = Debug|Any CPU
		{A4C051EB-ED3A-4CD3-8C5D-DB365818A189}.Debug|Any CPU.Build.0 = Debug|Any CPU
		{A4C051EB-ED3A-4CD3-8C5D-DB365818A189}.Release|Any CPU.ActiveCfg = Release|Any CPU
		{A4C051EB-ED3A-4CD3-8C5D-DB365818A189}.Release|Any CPU.Build.0 = Release|Any CPU
		{98DB6A09-F7C2-4C06-AFE9-E813A8AA1D9D}.Debug|Any CPU.ActiveCfg = Debug|Any CPU
		{98DB6A09-F7C2-4C06-AFE9-E813A8AA1D9D}.Debug|Any CPU.Build.0 = Debug|Any CPU
		{98DB6A09-F7C2-4C06-AFE9-E813A8AA1D9D}.Release|Any CPU.ActiveCfg = Release|Any CPU
		{98DB6A09-F7C2-4C06-AFE9-E813A8AA1D9D}.Release|Any CPU.Build.0 = Release|Any CPU
		{DA9139E6-80C8-438E-B5F7-F83194C10899}.Debug|Any CPU.ActiveCfg = Debug|Any CPU
		{DA9139E6-80C8-438E-B5F7-F83194C10899}.Debug|Any CPU.Build.0 = Debug|Any CPU
		{DA9139E6-80C8-438E-B5F7-F83194C10899}.Release|Any CPU.ActiveCfg = Release|Any CPU
		{DA9139E6-80C8-438E-B5F7-F83194C10899}.Release|Any CPU.Build.0 = Release|Any CPU
	EndGlobalSection
	GlobalSection(SolutionProperties) = preSolution
		HideSolutionNode = FALSE
	EndGlobalSection
	GlobalSection(ExtensibilityGlobals) = postSolution
		SolutionGuid = {4B5083E4-3C52-4732-86F9-B75D2DC7E25E}
	EndGlobalSection
EndGlobal
